// !$*UTF8*$!
{
	archiveVersion = 1;
	classes = {
	};
	objectVersion = 50;
	objects = {

/* Begin PBXBuildFile section */
		4584BCFE2361081D00A48CE6 /* HNDetailsViewController.swift in Sources */ = {isa = PBXBuildFile; fileRef = 4584BCFD2361081D00A48CE6 /* HNDetailsViewController.swift */; };
		45A70D23236061DB00907695 /* HNStoryCell.swift in Sources */ = {isa = PBXBuildFile; fileRef = 45A70D22236061DB00907695 /* HNStoryCell.swift */; };
		45C38914235A387800224B21 /* AppDelegate.swift in Sources */ = {isa = PBXBuildFile; fileRef = 45C38913235A387800224B21 /* AppDelegate.swift */; };
		45C38916235A387800224B21 /* SceneDelegate.swift in Sources */ = {isa = PBXBuildFile; fileRef = 45C38915235A387800224B21 /* SceneDelegate.swift */; };
		45C38918235A387800224B21 /* HNLandingViewController.swift in Sources */ = {isa = PBXBuildFile; fileRef = 45C38917235A387800224B21 /* HNLandingViewController.swift */; };
		45C3891D235A387800224B21 /* Assets.xcassets in Resources */ = {isa = PBXBuildFile; fileRef = 45C3891C235A387800224B21 /* Assets.xcassets */; };
		45C38920235A387800224B21 /* LaunchScreen.storyboard in Resources */ = {isa = PBXBuildFile; fileRef = 45C3891E235A387800224B21 /* LaunchScreen.storyboard */; };
		45C3892B235A387800224B21 /* HackerNewsCollectionViewTests.swift in Sources */ = {isa = PBXBuildFile; fileRef = 45C3892A235A387800224B21 /* HackerNewsCollectionViewTests.swift */; };
		45C38938235A3EA700224B21 /* HackerRankStory.swift in Sources */ = {isa = PBXBuildFile; fileRef = 45C38936235A3EA700224B21 /* HackerRankStory.swift */; };
		45C38939235A3EA700224B21 /* HackerRankService.swift in Sources */ = {isa = PBXBuildFile; fileRef = 45C38937235A3EA700224B21 /* HackerRankService.swift */; };
		45C3893C235A3F2300224B21 /* Alamofire.framework in Frameworks */ = {isa = PBXBuildFile; fileRef = 45C3893B235A3F2300224B21 /* Alamofire.framework */; };
		45C38941235A6F4300224B21 /* HNLandingViewModel.swift in Sources */ = {isa = PBXBuildFile; fileRef = 45C38940235A6F4300224B21 /* HNLandingViewModel.swift */; };
/* End PBXBuildFile section */

/* Begin PBXContainerItemProxy section */
		45C38927235A387800224B21 /* PBXContainerItemProxy */ = {
			isa = PBXContainerItemProxy;
			containerPortal = 45C38908235A387800224B21 /* Project object */;
			proxyType = 1;
			remoteGlobalIDString = 45C3890F235A387800224B21;
			remoteInfo = HackerNewsCollectionView;
		};
/* End PBXContainerItemProxy section */

/* Begin PBXFileReference section */
		4584BCFD2361081D00A48CE6 /* HNDetailsViewController.swift */ = {isa = PBXFileReference; lastKnownFileType = sourcecode.swift; path = HNDetailsViewController.swift; sourceTree = "<group>"; };
		45A70D22236061DB00907695 /* HNStoryCell.swift */ = {isa = PBXFileReference; lastKnownFileType = sourcecode.swift; path = HNStoryCell.swift; sourceTree = "<group>"; };
		45C38910235A387800224B21 /* HackerNews.app */ = {isa = PBXFileReference; explicitFileType = wrapper.application; includeInIndex = 0; path = HackerNews.app; sourceTree = BUILT_PRODUCTS_DIR; };
		45C38913235A387800224B21 /* AppDelegate.swift */ = {isa = PBXFileReference; lastKnownFileType = sourcecode.swift; path = AppDelegate.swift; sourceTree = "<group>"; };
		45C38915235A387800224B21 /* SceneDelegate.swift */ = {isa = PBXFileReference; lastKnownFileType = sourcecode.swift; path = SceneDelegate.swift; sourceTree = "<group>"; };
		45C38917235A387800224B21 /* HNLandingViewController.swift */ = {isa = PBXFileReference; lastKnownFileType = sourcecode.swift; path = HNLandingViewController.swift; sourceTree = "<group>"; };
		45C3891C235A387800224B21 /* Assets.xcassets */ = {isa = PBXFileReference; lastKnownFileType = folder.assetcatalog; path = Assets.xcassets; sourceTree = "<group>"; };
		45C3891F235A387800224B21 /* Base */ = {isa = PBXFileReference; lastKnownFileType = file.storyboard; name = Base; path = Base.lproj/LaunchScreen.storyboard; sourceTree = "<group>"; };
		45C38921235A387800224B21 /* Info.plist */ = {isa = PBXFileReference; lastKnownFileType = text.plist.xml; path = Info.plist; sourceTree = "<group>"; };
		45C38926235A387800224B21 /* HackerNewsTests.xctest */ = {isa = PBXFileReference; explicitFileType = wrapper.cfbundle; includeInIndex = 0; path = HackerNewsTests.xctest; sourceTree = BUILT_PRODUCTS_DIR; };
		45C3892A235A387800224B21 /* HackerNewsCollectionViewTests.swift */ = {isa = PBXFileReference; lastKnownFileType = sourcecode.swift; path = HackerNewsCollectionViewTests.swift; sourceTree = "<group>"; };
		45C3892C235A387800224B21 /* Info.plist */ = {isa = PBXFileReference; lastKnownFileType = text.plist.xml; path = Info.plist; sourceTree = "<group>"; };
		45C38936235A3EA700224B21 /* HackerRankStory.swift */ = {isa = PBXFileReference; fileEncoding = 4; lastKnownFileType = sourcecode.swift; path = HackerRankStory.swift; sourceTree = "<group>"; };
		45C38937235A3EA700224B21 /* HackerRankService.swift */ = {isa = PBXFileReference; fileEncoding = 4; lastKnownFileType = sourcecode.swift; path = HackerRankService.swift; sourceTree = "<group>"; };
		45C3893B235A3F2300224B21 /* Alamofire.framework */ = {isa = PBXFileReference; lastKnownFileType = wrapper.framework; name = Alamofire.framework; path = Carthage/Build/iOS/Alamofire.framework; sourceTree = "<group>"; };
		45C38940235A6F4300224B21 /* HNLandingViewModel.swift */ = {isa = PBXFileReference; lastKnownFileType = sourcecode.swift; path = HNLandingViewModel.swift; sourceTree = "<group>"; };
/* End PBXFileReference section */

/* Begin PBXFrameworksBuildPhase section */
		45C3890D235A387800224B21 /* Frameworks */ = {
			isa = PBXFrameworksBuildPhase;
			buildActionMask = 2147483647;
			files = (
				45C3893C235A3F2300224B21 /* Alamofire.framework in Frameworks */,
			);
			runOnlyForDeploymentPostprocessing = 0;
		};
		45C38923235A387800224B21 /* Frameworks */ = {
			isa = PBXFrameworksBuildPhase;
			buildActionMask = 2147483647;
			files = (
			);
			runOnlyForDeploymentPostprocessing = 0;
		};
/* End PBXFrameworksBuildPhase section */

/* Begin PBXGroup section */
		4584BCFC2361080500A48CE6 /* Story */ = {
			isa = PBXGroup;
			children = (
				4584BCFD2361081D00A48CE6 /* HNDetailsViewController.swift */,
			);
			path = Story;
			sourceTree = "<group>";
		};
		45C38907235A387800224B21 = {
			isa = PBXGroup;
			children = (
				45C38912235A387800224B21 /* HackerNews */,
				45C38929235A387800224B21 /* HackerNewsTests */,
				45C38911235A387800224B21 /* Products */,
				45C3893A235A3F2200224B21 /* Frameworks */,
			);
			sourceTree = "<group>";
		};
		45C38911235A387800224B21 /* Products */ = {
			isa = PBXGroup;
			children = (
				45C38910235A387800224B21 /* HackerNews.app */,
				45C38926235A387800224B21 /* HackerNewsTests.xctest */,
			);
			name = Products;
			sourceTree = "<group>";
		};
		45C38912235A387800224B21 /* HackerNews */ = {
			isa = PBXGroup;
			children = (
				45C3893F235A6F3400224B21 /* Landing */,
				4584BCFC2361080500A48CE6 /* Story */,
				45C38935235A3EA700224B21 /* Service */,
				45C38913235A387800224B21 /* AppDelegate.swift */,
				45C38915235A387800224B21 /* SceneDelegate.swift */,
				45C3891C235A387800224B21 /* Assets.xcassets */,
				45C3891E235A387800224B21 /* LaunchScreen.storyboard */,
				45C38921235A387800224B21 /* Info.plist */,
			);
			path = HackerNews;
			sourceTree = "<group>";
		};
		45C38929235A387800224B21 /* HackerNewsTests */ = {
			isa = PBXGroup;
			children = (
				45C3892A235A387800224B21 /* HackerNewsCollectionViewTests.swift */,
				45C3892C235A387800224B21 /* Info.plist */,
			);
			path = HackerNewsTests;
			sourceTree = "<group>";
		};
		45C38935235A3EA700224B21 /* Service */ = {
			isa = PBXGroup;
			children = (
				45C38936235A3EA700224B21 /* HackerRankStory.swift */,
				45C38937235A3EA700224B21 /* HackerRankService.swift */,
			);
			path = Service;
			sourceTree = "<group>";
		};
		45C3893A235A3F2200224B21 /* Frameworks */ = {
			isa = PBXGroup;
			children = (
				45C3893B235A3F2300224B21 /* Alamofire.framework */,
			);
			name = Frameworks;
			sourceTree = "<group>";
		};
		45C3893F235A6F3400224B21 /* Landing */ = {
			isa = PBXGroup;
			children = (
				45C38942235A89BF00224B21 /* Cells */,
				45C38917235A387800224B21 /* HNLandingViewController.swift */,
				45C38940235A6F4300224B21 /* HNLandingViewModel.swift */,
			);
			path = Landing;
			sourceTree = "<group>";
		};
		45C38942235A89BF00224B21 /* Cells */ = {
			isa = PBXGroup;
			children = (
				45A70D22236061DB00907695 /* HNStoryCell.swift */,
			);
			path = Cells;
			sourceTree = "<group>";
		};
/* End PBXGroup section */

/* Begin PBXNativeTarget section */
		45C3890F235A387800224B21 /* HackerNews */ = {
			isa = PBXNativeTarget;
			buildConfigurationList = 45C3892F235A387800224B21 /* Build configuration list for PBXNativeTarget "HackerNews" */;
			buildPhases = (
				45C3890C235A387800224B21 /* Sources */,
				45C3890D235A387800224B21 /* Frameworks */,
				45C3890E235A387800224B21 /* Resources */,
				45C3893E235A3F3700224B21 /* ShellScript */,
			);
			buildRules = (
			);
			dependencies = (
			);
			name = HackerNews;
			productName = HackerNewsCollectionView;
			productReference = 45C38910235A387800224B21 /* HackerNews.app */;
			productType = "com.apple.product-type.application";
		};
		45C38925235A387800224B21 /* HackerNewsTests */ = {
			isa = PBXNativeTarget;
			buildConfigurationList = 45C38932235A387800224B21 /* Build configuration list for PBXNativeTarget "HackerNewsTests" */;
			buildPhases = (
				45C38922235A387800224B21 /* Sources */,
				45C38923235A387800224B21 /* Frameworks */,
				45C38924235A387800224B21 /* Resources */,
			);
			buildRules = (
			);
			dependencies = (
				45C38928235A387800224B21 /* PBXTargetDependency */,
			);
			name = HackerNewsTests;
			productName = HackerNewsCollectionViewTests;
			productReference = 45C38926235A387800224B21 /* HackerNewsTests.xctest */;
			productType = "com.apple.product-type.bundle.unit-test";
		};
/* End PBXNativeTarget section */

/* Begin PBXProject section */
		45C38908235A387800224B21 /* Project object */ = {
			isa = PBXProject;
			attributes = {
				LastSwiftUpdateCheck = 1100;
				LastUpgradeCheck = 1100;
				ORGANIZATIONNAME = "Prickett, Jacob (J.A.)";
				TargetAttributes = {
					45C3890F235A387800224B21 = {
						CreatedOnToolsVersion = 11.0;
					};
					45C38925235A387800224B21 = {
						CreatedOnToolsVersion = 11.0;
						TestTargetID = 45C3890F235A387800224B21;
					};
				};
			};
			buildConfigurationList = 45C3890B235A387800224B21 /* Build configuration list for PBXProject "HackerNews" */;
			compatibilityVersion = "Xcode 9.3";
			developmentRegion = en;
			hasScannedForEncodings = 0;
			knownRegions = (
				en,
				Base,
			);
			mainGroup = 45C38907235A387800224B21;
			productRefGroup = 45C38911235A387800224B21 /* Products */;
			projectDirPath = "";
			projectRoot = "";
			targets = (
				45C3890F235A387800224B21 /* HackerNews */,
				45C38925235A387800224B21 /* HackerNewsTests */,
			);
		};
/* End PBXProject section */

/* Begin PBXResourcesBuildPhase section */
		45C3890E235A387800224B21 /* Resources */ = {
			isa = PBXResourcesBuildPhase;
			buildActionMask = 2147483647;
			files = (
				45C38920235A387800224B21 /* LaunchScreen.storyboard in Resources */,
				45C3891D235A387800224B21 /* Assets.xcassets in Resources */,
			);
			runOnlyForDeploymentPostprocessing = 0;
		};
		45C38924235A387800224B21 /* Resources */ = {
			isa = PBXResourcesBuildPhase;
			buildActionMask = 2147483647;
			files = (
			);
			runOnlyForDeploymentPostprocessing = 0;
		};
/* End PBXResourcesBuildPhase section */

/* Begin PBXShellScriptBuildPhase section */
		45C3893E235A3F3700224B21 /* ShellScript */ = {
			isa = PBXShellScriptBuildPhase;
			buildActionMask = 2147483647;
			files = (
			);
			inputFileListPaths = (
			);
			inputPaths = (
				"$(SRCROOT)/Carthage/Build/iOS/Alamofire.framework",
				"$(SRCROOT)/Carthage/Build/iOS/SnapKit.framework",
			);
			outputFileListPaths = (
			);
			outputPaths = (
				"$(BUILT_PRODUCTS_DIR)/$(FRAMEWORKS_FOLDER_PATH)/Alamofire.framework",
				"$(BUILT_PRODUCTS_DIR)/$(FRAMEWORKS_FOLDER_PATH)/SnapKit.framework",
			);
			runOnlyForDeploymentPostprocessing = 0;
			shellPath = /bin/sh;
			shellScript = "/usr/local/bin/carthage copy-frameworks\n";
		};
/* End PBXShellScriptBuildPhase section */

/* Begin PBXSourcesBuildPhase section */
		45C3890C235A387800224B21 /* Sources */ = {
			isa = PBXSourcesBuildPhase;
			buildActionMask = 2147483647;
			files = (
				45A70D23236061DB00907695 /* HNStoryCell.swift in Sources */,
				45C38918235A387800224B21 /* HNLandingViewController.swift in Sources */,
				45C38939235A3EA700224B21 /* HackerRankService.swift in Sources */,
				4584BCFE2361081D00A48CE6 /* HNDetailsViewController.swift in Sources */,
				45C38914235A387800224B21 /* AppDelegate.swift in Sources */,
				45C38916235A387800224B21 /* SceneDelegate.swift in Sources */,
				45C38941235A6F4300224B21 /* HNLandingViewModel.swift in Sources */,
				45C38938235A3EA700224B21 /* HackerRankStory.swift in Sources */,
			);
			runOnlyForDeploymentPostprocessing = 0;
		};
		45C38922235A387800224B21 /* Sources */ = {
			isa = PBXSourcesBuildPhase;
			buildActionMask = 2147483647;
			files = (
				45C3892B235A387800224B21 /* HackerNewsCollectionViewTests.swift in Sources */,
			);
			runOnlyForDeploymentPostprocessing = 0;
		};
/* End PBXSourcesBuildPhase section */

/* Begin PBXTargetDependency section */
		45C38928235A387800224B21 /* PBXTargetDependency */ = {
			isa = PBXTargetDependency;
			target = 45C3890F235A387800224B21 /* HackerNews */;
			targetProxy = 45C38927235A387800224B21 /* PBXContainerItemProxy */;
		};
/* End PBXTargetDependency section */

/* Begin PBXVariantGroup section */
		45C3891E235A387800224B21 /* LaunchScreen.storyboard */ = {
			isa = PBXVariantGroup;
			children = (
				45C3891F235A387800224B21 /* Base */,
			);
			name = LaunchScreen.storyboard;
			sourceTree = "<group>";
		};
/* End PBXVariantGroup section */

/* Begin XCBuildConfiguration section */
		45C3892D235A387800224B21 /* Debug */ = {
			isa = XCBuildConfiguration;
			buildSettings = {
				ALWAYS_SEARCH_USER_PATHS = NO;
				CLANG_ANALYZER_NONNULL = YES;
				CLANG_ANALYZER_NUMBER_OBJECT_CONVERSION = YES_AGGRESSIVE;
				CLANG_CXX_LANGUAGE_STANDARD = "gnu++14";
				CLANG_CXX_LIBRARY = "libc++";
				CLANG_ENABLE_MODULES = YES;
				CLANG_ENABLE_OBJC_ARC = YES;
				CLANG_ENABLE_OBJC_WEAK = YES;
				CLANG_WARN_BLOCK_CAPTURE_AUTORELEASING = YES;
				CLANG_WARN_BOOL_CONVERSION = YES;
				CLANG_WARN_COMMA = YES;
				CLANG_WARN_CONSTANT_CONVERSION = YES;
				CLANG_WARN_DEPRECATED_OBJC_IMPLEMENTATIONS = YES;
				CLANG_WARN_DIRECT_OBJC_ISA_USAGE = YES_ERROR;
				CLANG_WARN_DOCUMENTATION_COMMENTS = YES;
				CLANG_WARN_EMPTY_BODY = YES;
				CLANG_WARN_ENUM_CONVERSION = YES;
				CLANG_WARN_INFINITE_RECURSION = YES;
				CLANG_WARN_INT_CONVERSION = YES;
				CLANG_WARN_NON_LITERAL_NULL_CONVERSION = YES;
				CLANG_WARN_OBJC_IMPLICIT_RETAIN_SELF = YES;
				CLANG_WARN_OBJC_LITERAL_CONVERSION = YES;
				CLANG_WARN_OBJC_ROOT_CLASS = YES_ERROR;
				CLANG_WARN_RANGE_LOOP_ANALYSIS = YES;
				CLANG_WARN_STRICT_PROTOTYPES = YES;
				CLANG_WARN_SUSPICIOUS_MOVE = YES;
				CLANG_WARN_UNGUARDED_AVAILABILITY = YES_AGGRESSIVE;
				CLANG_WARN_UNREACHABLE_CODE = YES;
				CLANG_WARN__DUPLICATE_METHOD_MATCH = YES;
				COPY_PHASE_STRIP = NO;
				DEBUG_INFORMATION_FORMAT = dwarf;
				ENABLE_STRICT_OBJC_MSGSEND = YES;
				ENABLE_TESTABILITY = YES;
				GCC_C_LANGUAGE_STANDARD = gnu11;
				GCC_DYNAMIC_NO_PIC = NO;
				GCC_NO_COMMON_BLOCKS = YES;
				GCC_OPTIMIZATION_LEVEL = 0;
				GCC_PREPROCESSOR_DEFINITIONS = (
					"DEBUG=1",
					"$(inherited)",
				);
				GCC_WARN_64_TO_32_BIT_CONVERSION = YES;
				GCC_WARN_ABOUT_RETURN_TYPE = YES_ERROR;
				GCC_WARN_UNDECLARED_SELECTOR = YES;
				GCC_WARN_UNINITIALIZED_AUTOS = YES_AGGRESSIVE;
				GCC_WARN_UNUSED_FUNCTION = YES;
				GCC_WARN_UNUSED_VARIABLE = YES;
				IPHONEOS_DEPLOYMENT_TARGET = 13.0;
				MTL_ENABLE_DEBUG_INFO = INCLUDE_SOURCE;
				MTL_FAST_MATH = YES;
				ONLY_ACTIVE_ARCH = YES;
				SDKROOT = iphoneos;
				SWIFT_ACTIVE_COMPILATION_CONDITIONS = DEBUG;
				SWIFT_OPTIMIZATION_LEVEL = "-Onone";
			};
			name = Debug;
		};
		45C3892E235A387800224B21 /* Release */ = {
			isa = XCBuildConfiguration;
			buildSettings = {
				ALWAYS_SEARCH_USER_PATHS = NO;
				CLANG_ANALYZER_NONNULL = YES;
				CLANG_ANALYZER_NUMBER_OBJECT_CONVERSION = YES_AGGRESSIVE;
				CLANG_CXX_LANGUAGE_STANDARD = "gnu++14";
				CLANG_CXX_LIBRARY = "libc++";
				CLANG_ENABLE_MODULES = YES;
				CLANG_ENABLE_OBJC_ARC = YES;
				CLANG_ENABLE_OBJC_WEAK = YES;
				CLANG_WARN_BLOCK_CAPTURE_AUTORELEASING = YES;
				CLANG_WARN_BOOL_CONVERSION = YES;
				CLANG_WARN_COMMA = YES;
				CLANG_WARN_CONSTANT_CONVERSION = YES;
				CLANG_WARN_DEPRECATED_OBJC_IMPLEMENTATIONS = YES;
				CLANG_WARN_DIRECT_OBJC_ISA_USAGE = YES_ERROR;
				CLANG_WARN_DOCUMENTATION_COMMENTS = YES;
				CLANG_WARN_EMPTY_BODY = YES;
				CLANG_WARN_ENUM_CONVERSION = YES;
				CLANG_WARN_INFINITE_RECURSION = YES;
				CLANG_WARN_INT_CONVERSION = YES;
				CLANG_WARN_NON_LITERAL_NULL_CONVERSION = YES;
				CLANG_WARN_OBJC_IMPLICIT_RETAIN_SELF = YES;
				CLANG_WARN_OBJC_LITERAL_CONVERSION = YES;
				CLANG_WARN_OBJC_ROOT_CLASS = YES_ERROR;
				CLANG_WARN_RANGE_LOOP_ANALYSIS = YES;
				CLANG_WARN_STRICT_PROTOTYPES = YES;
				CLANG_WARN_SUSPICIOUS_MOVE = YES;
				CLANG_WARN_UNGUARDED_AVAILABILITY = YES_AGGRESSIVE;
				CLANG_WARN_UNREACHABLE_CODE = YES;
				CLANG_WARN__DUPLICATE_METHOD_MATCH = YES;
				COPY_PHASE_STRIP = NO;
				DEBUG_INFORMATION_FORMAT = "dwarf-with-dsym";
				ENABLE_NS_ASSERTIONS = NO;
				ENABLE_STRICT_OBJC_MSGSEND = YES;
				GCC_C_LANGUAGE_STANDARD = gnu11;
				GCC_NO_COMMON_BLOCKS = YES;
				GCC_WARN_64_TO_32_BIT_CONVERSION = YES;
				GCC_WARN_ABOUT_RETURN_TYPE = YES_ERROR;
				GCC_WARN_UNDECLARED_SELECTOR = YES;
				GCC_WARN_UNINITIALIZED_AUTOS = YES_AGGRESSIVE;
				GCC_WARN_UNUSED_FUNCTION = YES;
				GCC_WARN_UNUSED_VARIABLE = YES;
				IPHONEOS_DEPLOYMENT_TARGET = 13.0;
				MTL_ENABLE_DEBUG_INFO = NO;
				MTL_FAST_MATH = YES;
				SDKROOT = iphoneos;
				SWIFT_COMPILATION_MODE = wholemodule;
				SWIFT_OPTIMIZATION_LEVEL = "-O";
				VALIDATE_PRODUCT = YES;
			};
			name = Release;
		};
		45C38930235A387800224B21 /* Debug */ = {
			isa = XCBuildConfiguration;
			buildSettings = {
				ASSETCATALOG_COMPILER_APPICON_NAME = AppIcon;
				CODE_SIGN_STYLE = Automatic;
				DEVELOPMENT_TEAM = D95XHVNG2Z;
				FRAMEWORK_SEARCH_PATHS = (
					"$(inherited)",
					"$(PROJECT_DIR)/Carthage/Build/iOS",
				);
				INFOPLIST_FILE = HackerNewsCollectionView/Info.plist;
				LD_RUNPATH_SEARCH_PATHS = (
					"$(inherited)",
					"@executable_path/Frameworks",
				);
				PRODUCT_BUNDLE_IDENTIFIER = com.ford.HackerNews;
				PRODUCT_NAME = "$(TARGET_NAME)";
				SWIFT_VERSION = 5.0;
				TARGETED_DEVICE_FAMILY = 1;
			};
			name = Debug;
		};
		45C38931235A387800224B21 /* Release */ = {
			isa = XCBuildConfiguration;
			buildSettings = {
				ASSETCATALOG_COMPILER_APPICON_NAME = AppIcon;
				CODE_SIGN_STYLE = Automatic;
				DEVELOPMENT_TEAM = D95XHVNG2Z;
				FRAMEWORK_SEARCH_PATHS = (
					"$(inherited)",
					"$(PROJECT_DIR)/Carthage/Build/iOS",
				);
				INFOPLIST_FILE = HackerNewsCollectionView/Info.plist;
				LD_RUNPATH_SEARCH_PATHS = (
					"$(inherited)",
					"@executable_path/Frameworks",
				);
				PRODUCT_BUNDLE_IDENTIFIER = com.ford.HackerNews;
				PRODUCT_NAME = "$(TARGET_NAME)";
				SWIFT_VERSION = 5.0;
				TARGETED_DEVICE_FAMILY = 1;
			};
			name = Release;
		};
		45C38933235A387800224B21 /* Debug */ = {
			isa = XCBuildConfiguration;
			buildSettings = {
				ALWAYS_EMBED_SWIFT_STANDARD_LIBRARIES = YES;
				BUNDLE_LOADER = "$(TEST_HOST)";
				CODE_SIGN_STYLE = Automatic;
				DEVELOPMENT_TEAM = D95XHVNG2Z;
				INFOPLIST_FILE = HackerNewsCollectionViewTests/Info.plist;
				IPHONEOS_DEPLOYMENT_TARGET = 13.0;
				LD_RUNPATH_SEARCH_PATHS = (
					"$(inherited)",
					"@executable_path/Frameworks",
					"@loader_path/Frameworks",
				);
				PRODUCT_BUNDLE_IDENTIFIER = com.ford.HackerNewsCollectionViewTests;
				PRODUCT_NAME = "$(TARGET_NAME)";
				SWIFT_VERSION = 5.0;
				TARGETED_DEVICE_FAMILY = "1,2";
				TEST_HOST = "$(BUILT_PRODUCTS_DIR)/HackerNews.app/HackerNews";
			};
			name = Debug;
		};
		45C38934235A387800224B21 /* Release */ = {
			isa = XCBuildConfiguration;
			buildSettings = {
				ALWAYS_EMBED_SWIFT_STANDARD_LIBRARIES = YES;
				BUNDLE_LOADER = "$(TEST_HOST)";
				CODE_SIGN_STYLE = Automatic;
				DEVELOPMENT_TEAM = D95XHVNG2Z;
				INFOPLIST_FILE = HackerNewsCollectionViewTests/Info.plist;
				IPHONEOS_DEPLOYMENT_TARGET = 13.0;
				LD_RUNPATH_SEARCH_PATHS = (
					"$(inherited)",
					"@executable_path/Frameworks",
					"@loader_path/Frameworks",
				);
				PRODUCT_BUNDLE_IDENTIFIER = com.ford.HackerNewsCollectionViewTests;
				PRODUCT_NAME = "$(TARGET_NAME)";
				SWIFT_VERSION = 5.0;
				TARGETED_DEVICE_FAMILY = "1,2";
				TEST_HOST = "$(BUILT_PRODUCTS_DIR)/HackerNews.app/HackerNews";
			};
			name = Release;
		};
/* End XCBuildConfiguration section */

/* Begin XCConfigurationList section */
		45C3890B235A387800224B21 /* Build configuration list for PBXProject "HackerNews" */ = {
			isa = XCConfigurationList;
			buildConfigurations = (
				45C3892D235A387800224B21 /* Debug */,
				45C3892E235A387800224B21 /* Release */,
			);
			defaultConfigurationIsVisible = 0;
			defaultConfigurationName = Release;
		};
		45C3892F235A387800224B21 /* Build configuration list for PBXNativeTarget "HackerNews" */ = {
			isa = XCConfigurationList;
			buildConfigurations = (
				45C38930235A387800224B21 /* Debug */,
				45C38931235A387800224B21 /* Release */,
			);
			defaultConfigurationIsVisible = 0;
			defaultConfigurationName = Release;
		};
		45C38932235A387800224B21 /* Build configuration list for PBXNativeTarget "HackerNewsTests" */ = {
			isa = XCConfigurationList;
			buildConfigurations = (
				45C38933235A387800224B21 /* Debug */,
				45C38934235A387800224B21 /* Release */,
			);
			defaultConfigurationIsVisible = 0;
			defaultConfigurationName = Release;
		};
/* End XCConfigurationList section */
	};
	rootObject = 45C38908235A387800224B21 /* Project object */;
}
